// !$*UTF8*$!
{
	archiveVersion = 1;
	classes = {
	};
	objectVersion = 45;
	objects = {

/* Begin PBXBuildFile section */
		1D60589B0D05DD56006BFB54 /* main.m in Sources */ = {isa = PBXBuildFile; fileRef = 29B97316FDCFA39411CA2CEA /* main.m */; };
		1D60589F0D05DD5A006BFB54 /* Foundation.framework in Frameworks */ = {isa = PBXBuildFile; fileRef = 1D30AB110D05D00D00671497 /* Foundation.framework */; };
		1DF5F4E00D08C38300B7A737 /* UIKit.framework in Frameworks */ = {isa = PBXBuildFile; fileRef = 1DF5F4DF0D08C38300B7A737 /* UIKit.framework */; };
		288765FD0DF74451002DB57D /* CoreGraphics.framework in Frameworks */ = {isa = PBXBuildFile; fileRef = 288765FC0DF74451002DB57D /* CoreGraphics.framework */; };
		28AD733F0D9D9553002E5188 /* MainWindow.xib in Resources */ = {isa = PBXBuildFile; fileRef = 28AD733E0D9D9553002E5188 /* MainWindow.xib */; };
		B51C26310F6848FD00C1B3CB /* QuartzCore.framework in Frameworks */ = {isa = PBXBuildFile; fileRef = B51C26300F6848FD00C1B3CB /* QuartzCore.framework */; };
		B54418AA109D104A00283AEA /* BugReports.xib in Resources */ = {isa = PBXBuildFile; fileRef = B54418A9109D104A00283AEA /* BugReports.xib */; };
		B5441AB410A3B67600283AEA /* VersionEntry.xib in Resources */ = {isa = PBXBuildFile; fileRef = B5441AB310A3B67600283AEA /* VersionEntry.xib */; };
		B5441AB810A3B6BF00283AEA /* BR_VersionEntryController.m in Sources */ = {isa = PBXBuildFile; fileRef = B5441AB710A3B6BF00283AEA /* BR_VersionEntryController.m */; };
		B5BC41E710A505BF00484EDD /* BR_OpenRadarSubmitter.m in Sources */ = {isa = PBXBuildFile; fileRef = B5BC41E610A505BF00484EDD /* BR_OpenRadarSubmitter.m */; };
		B5BC42C010A5D9AE00484EDD /* icon.png in Resources */ = {isa = PBXBuildFile; fileRef = B5BC42BF10A5D9AE00484EDD /* icon.png */; };
		B5BCA9FC10A2F1AC000C38FE /* Settings.png in Resources */ = {isa = PBXBuildFile; fileRef = B5BCA9FB10A2F1AC000C38FE /* Settings.png */; };
		B5BCAA6F10A31DFD000C38FE /* BR_RadarSubmitter.m in Sources */ = {isa = PBXBuildFile; fileRef = B5BCAA6E10A31DFD000C38FE /* BR_RadarSubmitter.m */; };
		B5BCAC1810A395BA000C38FE /* BR_StatusReportWidget.m in Sources */ = {isa = PBXBuildFile; fileRef = B5BCAC1710A395BA000C38FE /* BR_StatusReportWidget.m */; };
		B5DE3CF210A0E3F5002A0881 /* ReportEditor.xib in Resources */ = {isa = PBXBuildFile; fileRef = B5DE3CF110A0E3F5002A0881 /* ReportEditor.xib */; };
		B5DE3CF510A0E918002A0881 /* BR_ReportEditorController.m in Sources */ = {isa = PBXBuildFile; fileRef = B5DE3CF410A0E918002A0881 /* BR_ReportEditorController.m */; };
		B5DE3E2E10A1FA6C002A0881 /* BR_CredentialsController.m in Sources */ = {isa = PBXBuildFile; fileRef = B5DE3E2D10A1FA6C002A0881 /* BR_CredentialsController.m */; };
		B5DE3E3010A1FA7A002A0881 /* Credentials.xib in Resources */ = {isa = PBXBuildFile; fileRef = B5DE3E2F10A1FA7A002A0881 /* Credentials.xib */; };
		B5ED0FBD10BD8E08004E0CDE /* Default.png in Resources */ = {isa = PBXBuildFile; fileRef = B5ED0FBC10BD8E08004E0CDE /* Default.png */; };
		B5F50DBD109BDFA10053D5A8 /* BR_TestWebView.m in Sources */ = {isa = PBXBuildFile; fileRef = B5F50DBB109BDFA10053D5A8 /* BR_TestWebView.m */; };
		B5F50E07109C7F570053D5A8 /* TextMenu.xib in Resources */ = {isa = PBXBuildFile; fileRef = B5F50E06109C7F570053D5A8 /* TextMenu.xib */; };
		B5F50E12109C83DF0053D5A8 /* BR_BugReport.m in Sources */ = {isa = PBXBuildFile; fileRef = B5F50E11109C83DF0053D5A8 /* BR_BugReport.m */; };
		B5F50E17109C842E0053D5A8 /* CoreData.framework in Frameworks */ = {isa = PBXBuildFile; fileRef = B5F50E16109C842E0053D5A8 /* CoreData.framework */; };
		B5F50E1E109C84500053D5A8 /* BugReport.xcdatamodel in Sources */ = {isa = PBXBuildFile; fileRef = B5F50E1D109C84500053D5A8 /* BugReport.xcdatamodel */; };
		B5F50E2F109C8A1C0053D5A8 /* BR_BugReportManager.m in Sources */ = {isa = PBXBuildFile; fileRef = B5F50E2E109C8A1C0053D5A8 /* BR_BugReportManager.m */; };
		B5F50E75109D0D100053D5A8 /* BR_TextMenuController.m in Sources */ = {isa = PBXBuildFile; fileRef = B5F50E74109D0D100053D5A8 /* BR_TextMenuController.m */; };
		B5F50E77109D0D230053D5A8 /* TestWebView.xib in Resources */ = {isa = PBXBuildFile; fileRef = B5F50E76109D0D230053D5A8 /* TestWebView.xib */; };
		B5F50E7A109D0D2C0053D5A8 /* BR_AppDelegate.m in Sources */ = {isa = PBXBuildFile; fileRef = B5F50E79109D0D2C0053D5A8 /* BR_AppDelegate.m */; };
		B5F50E94109D0F7F0053D5A8 /* BR_ReportsListController.m in Sources */ = {isa = PBXBuildFile; fileRef = B5F50E93109D0F7F0053D5A8 /* BR_ReportsListController.m */; };
		B5F50F21109E05E30053D5A8 /* TextEdit.xib in Resources */ = {isa = PBXBuildFile; fileRef = B5F50F20109E05E30053D5A8 /* TextEdit.xib */; };
		B5F50F24109E06100053D5A8 /* BR_TextEditController.m in Sources */ = {isa = PBXBuildFile; fileRef = B5F50F23109E06100053D5A8 /* BR_TextEditController.m */; };
/* End PBXBuildFile section */

/* Begin PBXFileReference section */
		1D30AB110D05D00D00671497 /* Foundation.framework */ = {isa = PBXFileReference; lastKnownFileType = wrapper.framework; name = Foundation.framework; path = System/Library/Frameworks/Foundation.framework; sourceTree = SDKROOT; };
		1D6058910D05DD3D006BFB54 /* Radar Dish.app */ = {isa = PBXFileReference; explicitFileType = wrapper.application; includeInIndex = 0; path = "Radar Dish.app"; sourceTree = BUILT_PRODUCTS_DIR; };
		1DF5F4DF0D08C38300B7A737 /* UIKit.framework */ = {isa = PBXFileReference; lastKnownFileType = wrapper.framework; name = UIKit.framework; path = System/Library/Frameworks/UIKit.framework; sourceTree = SDKROOT; };
		288765FC0DF74451002DB57D /* CoreGraphics.framework */ = {isa = PBXFileReference; lastKnownFileType = wrapper.framework; name = CoreGraphics.framework; path = System/Library/Frameworks/CoreGraphics.framework; sourceTree = SDKROOT; };
		28AD733E0D9D9553002E5188 /* MainWindow.xib */ = {isa = PBXFileReference; lastKnownFileType = file.xib; name = MainWindow.xib; path = Rsc/MainWindow.xib; sourceTree = "<group>"; };
		29B97316FDCFA39411CA2CEA /* main.m */ = {isa = PBXFileReference; fileEncoding = 4; lastKnownFileType = sourcecode.c.objc; name = main.m; path = Src/main.m; sourceTree = "<group>"; };
		8D1107310486CEB800E47090 /* Info.plist */ = {isa = PBXFileReference; fileEncoding = 4; lastKnownFileType = text.plist.xml; name = Info.plist; path = Rsc/Info.plist; sourceTree = "<group>"; };
		B51C26270F68454E00C1B3CB /* dist.plist */ = {isa = PBXFileReference; fileEncoding = 4; lastKnownFileType = text.plist.xml; name = dist.plist; path = Rsc/dist.plist; sourceTree = "<group>"; };
		B51C26300F6848FD00C1B3CB /* QuartzCore.framework */ = {isa = PBXFileReference; lastKnownFileType = wrapper.framework; name = QuartzCore.framework; path = System/Library/Frameworks/QuartzCore.framework; sourceTree = SDKROOT; };
		B54418A9109D104A00283AEA /* BugReports.xib */ = {isa = PBXFileReference; lastKnownFileType = file.xib; name = BugReports.xib; path = Rsc/BugReports.xib; sourceTree = "<group>"; };
		B5441AB310A3B67600283AEA /* VersionEntry.xib */ = {isa = PBXFileReference; lastKnownFileType = file.xib; name = VersionEntry.xib; path = Rsc/VersionEntry.xib; sourceTree = "<group>"; };
		B5441AB610A3B6BF00283AEA /* BR_VersionEntryController.h */ = {isa = PBXFileReference; fileEncoding = 4; lastKnownFileType = sourcecode.c.h; name = BR_VersionEntryController.h; path = Controllers/BR_VersionEntryController.h; sourceTree = "<group>"; };
		B5441AB710A3B6BF00283AEA /* BR_VersionEntryController.m */ = {isa = PBXFileReference; fileEncoding = 4; lastKnownFileType = sourcecode.c.objc; name = BR_VersionEntryController.m; path = Controllers/BR_VersionEntryController.m; sourceTree = "<group>"; };
		B56E50F910BE172700D33245 /* RadarDish_Prefix.pch */ = {isa = PBXFileReference; fileEncoding = 4; lastKnownFileType = sourcecode.c.h; name = RadarDish_Prefix.pch; path = Src/RadarDish_Prefix.pch; sourceTree = "<group>"; };
		B56E50FC10BE17A000D33245 /* RD_Headers.h */ = {isa = PBXFileReference; fileEncoding = 4; lastKnownFileType = sourcecode.c.h; name = RD_Headers.h; path = Src/RD_Headers.h; sourceTree = "<group>"; };
		B5BC41E510A505BF00484EDD /* BR_OpenRadarSubmitter.h */ = {isa = PBXFileReference; fileEncoding = 4; lastKnownFileType = sourcecode.c.h; name = BR_OpenRadarSubmitter.h; path = Classes/BR_OpenRadarSubmitter.h; sourceTree = "<group>"; };
		B5BC41E610A505BF00484EDD /* BR_OpenRadarSubmitter.m */ = {isa = PBXFileReference; fileEncoding = 4; lastKnownFileType = sourcecode.c.objc; name = BR_OpenRadarSubmitter.m; path = Classes/BR_OpenRadarSubmitter.m; sourceTree = "<group>"; };
		B5BC42BF10A5D9AE00484EDD /* icon.png */ = {isa = PBXFileReference; lastKnownFileType = image.png; name = icon.png; path = Rsc/icon.png; sourceTree = "<group>"; };
		B5BCA9FB10A2F1AC000C38FE /* Settings.png */ = {isa = PBXFileReference; lastKnownFileType = image.png; name = Settings.png; path = Rsc/Settings.png; sourceTree = "<group>"; };
		B5BCAA6D10A31DFD000C38FE /* BR_RadarSubmitter.h */ = {isa = PBXFileReference; fileEncoding = 4; lastKnownFileType = sourcecode.c.h; name = BR_RadarSubmitter.h; path = Classes/BR_RadarSubmitter.h; sourceTree = "<group>"; };
		B5BCAA6E10A31DFD000C38FE /* BR_RadarSubmitter.m */ = {isa = PBXFileReference; fileEncoding = 4; lastKnownFileType = sourcecode.c.objc; name = BR_RadarSubmitter.m; path = Classes/BR_RadarSubmitter.m; sourceTree = "<group>"; };
		B5BCAC1610A395BA000C38FE /* BR_StatusReportWidget.h */ = {isa = PBXFileReference; fileEncoding = 4; lastKnownFileType = sourcecode.c.h; name = BR_StatusReportWidget.h; path = Views/BR_StatusReportWidget.h; sourceTree = "<group>"; };
		B5BCAC1710A395BA000C38FE /* BR_StatusReportWidget.m */ = {isa = PBXFileReference; fileEncoding = 4; lastKnownFileType = sourcecode.c.objc; name = BR_StatusReportWidget.m; path = Views/BR_StatusReportWidget.m; sourceTree = "<group>"; };
		B5DE3CF110A0E3F5002A0881 /* ReportEditor.xib */ = {isa = PBXFileReference; lastKnownFileType = file.xib; name = ReportEditor.xib; path = Rsc/ReportEditor.xib; sourceTree = "<group>"; };
		B5DE3CF310A0E918002A0881 /* BR_ReportEditorController.h */ = {isa = PBXFileReference; fileEncoding = 4; lastKnownFileType = sourcecode.c.h; name = BR_ReportEditorController.h; path = Controllers/BR_ReportEditorController.h; sourceTree = "<group>"; };
		B5DE3CF410A0E918002A0881 /* BR_ReportEditorController.m */ = {isa = PBXFileReference; fileEncoding = 4; lastKnownFileType = sourcecode.c.objc; name = BR_ReportEditorController.m; path = Controllers/BR_ReportEditorController.m; sourceTree = "<group>"; };
		B5DE3E2C10A1FA6C002A0881 /* BR_CredentialsController.h */ = {isa = PBXFileReference; fileEncoding = 4; lastKnownFileType = sourcecode.c.h; name = BR_CredentialsController.h; path = Controllers/BR_CredentialsController.h; sourceTree = "<group>"; };
		B5DE3E2D10A1FA6C002A0881 /* BR_CredentialsController.m */ = {isa = PBXFileReference; fileEncoding = 4; lastKnownFileType = sourcecode.c.objc; name = BR_CredentialsController.m; path = Controllers/BR_CredentialsController.m; sourceTree = "<group>"; };
		B5DE3E2F10A1FA7A002A0881 /* Credentials.xib */ = {isa = PBXFileReference; lastKnownFileType = file.xib; name = Credentials.xib; path = Rsc/Credentials.xib; sourceTree = "<group>"; };
		B5ED0FBC10BD8E08004E0CDE /* Default.png */ = {isa = PBXFileReference; lastKnownFileType = image.png; name = Default.png; path = Rsc/Default.png; sourceTree = "<group>"; };
		B5F50DBA109BDFA10053D5A8 /* BR_TestWebView.h */ = {isa = PBXFileReference; fileEncoding = 4; lastKnownFileType = sourcecode.c.h; name = BR_TestWebView.h; path = Controllers/BR_TestWebView.h; sourceTree = "<group>"; };
		B5F50DBB109BDFA10053D5A8 /* BR_TestWebView.m */ = {isa = PBXFileReference; fileEncoding = 4; lastKnownFileType = sourcecode.c.objc; name = BR_TestWebView.m; path = Controllers/BR_TestWebView.m; sourceTree = "<group>"; };
		B5F50E06109C7F570053D5A8 /* TextMenu.xib */ = {isa = PBXFileReference; lastKnownFileType = file.xib; name = TextMenu.xib; path = Rsc/TextMenu.xib; sourceTree = "<group>"; };
		B5F50E10109C83DF0053D5A8 /* BR_BugReport.h */ = {isa = PBXFileReference; fileEncoding = 4; lastKnownFileType = sourcecode.c.h; name = BR_BugReport.h; path = Model/BR_BugReport.h; sourceTree = "<group>"; };
		B5F50E11109C83DF0053D5A8 /* BR_BugReport.m */ = {isa = PBXFileReference; fileEncoding = 4; lastKnownFileType = sourcecode.c.objc; name = BR_BugReport.m; path = Model/BR_BugReport.m; sourceTree = "<group>"; };
		B5F50E16109C842E0053D5A8 /* CoreData.framework */ = {isa = PBXFileReference; lastKnownFileType = wrapper.framework; name = CoreData.framework; path = System/Library/Frameworks/CoreData.framework; sourceTree = SDKROOT; };
		B5F50E1D109C84500053D5A8 /* BugReport.xcdatamodel */ = {isa = PBXFileReference; fileEncoding = 4; lastKnownFileType = wrapper.xcdatamodel; name = BugReport.xcdatamodel; path = Model/BugReport.xcdatamodel; sourceTree = "<group>"; };
		B5F50E2D109C8A1C0053D5A8 /* BR_BugReportManager.h */ = {isa = PBXFileReference; fileEncoding = 4; lastKnownFileType = sourcecode.c.h; name = BR_BugReportManager.h; path = Controllers/BR_BugReportManager.h; sourceTree = "<group>"; };
		B5F50E2E109C8A1C0053D5A8 /* BR_BugReportManager.m */ = {isa = PBXFileReference; fileEncoding = 4; lastKnownFileType = sourcecode.c.objc; name = BR_BugReportManager.m; path = Controllers/BR_BugReportManager.m; sourceTree = "<group>"; };
		B5F50E73109D0D100053D5A8 /* BR_TextMenuController.h */ = {isa = PBXFileReference; fileEncoding = 4; lastKnownFileType = sourcecode.c.h; name = BR_TextMenuController.h; path = Controllers/BR_TextMenuController.h; sourceTree = "<group>"; };
		B5F50E74109D0D100053D5A8 /* BR_TextMenuController.m */ = {isa = PBXFileReference; fileEncoding = 4; lastKnownFileType = sourcecode.c.objc; name = BR_TextMenuController.m; path = Controllers/BR_TextMenuController.m; sourceTree = "<group>"; };
		B5F50E76109D0D230053D5A8 /* TestWebView.xib */ = {isa = PBXFileReference; lastKnownFileType = file.xib; name = TestWebView.xib; path = Rsc/TestWebView.xib; sourceTree = "<group>"; };
		B5F50E78109D0D2C0053D5A8 /* BR_AppDelegate.h */ = {isa = PBXFileReference; fileEncoding = 4; lastKnownFileType = sourcecode.c.h; name = BR_AppDelegate.h; path = Classes/BR_AppDelegate.h; sourceTree = "<group>"; };
		B5F50E79109D0D2C0053D5A8 /* BR_AppDelegate.m */ = {isa = PBXFileReference; fileEncoding = 4; lastKnownFileType = sourcecode.c.objc; name = BR_AppDelegate.m; path = Classes/BR_AppDelegate.m; sourceTree = "<group>"; };
		B5F50E92109D0F7F0053D5A8 /* BR_ReportsListController.h */ = {isa = PBXFileReference; fileEncoding = 4; lastKnownFileType = sourcecode.c.h; name = BR_ReportsListController.h; path = Controllers/BR_ReportsListController.h; sourceTree = "<group>"; };
		B5F50E93109D0F7F0053D5A8 /* BR_ReportsListController.m */ = {isa = PBXFileReference; fileEncoding = 4; lastKnownFileType = sourcecode.c.objc; name = BR_ReportsListController.m; path = Controllers/BR_ReportsListController.m; sourceTree = "<group>"; };
		B5F50F20109E05E30053D5A8 /* TextEdit.xib */ = {isa = PBXFileReference; lastKnownFileType = file.xib; name = TextEdit.xib; path = Rsc/TextEdit.xib; sourceTree = "<group>"; };
		B5F50F22109E06100053D5A8 /* BR_TextEditController.h */ = {isa = PBXFileReference; fileEncoding = 4; lastKnownFileType = sourcecode.c.h; name = BR_TextEditController.h; path = Controllers/BR_TextEditController.h; sourceTree = "<group>"; };
		B5F50F23109E06100053D5A8 /* BR_TextEditController.m */ = {isa = PBXFileReference; fileEncoding = 4; lastKnownFileType = sourcecode.c.objc; name = BR_TextEditController.m; path = Controllers/BR_TextEditController.m; sourceTree = "<group>"; };
/* End PBXFileReference section */

/* Begin PBXFrameworksBuildPhase section */
		1D60588F0D05DD3D006BFB54 /* Frameworks */ = {
			isa = PBXFrameworksBuildPhase;
			buildActionMask = 2147483647;
			files = (
				1D60589F0D05DD5A006BFB54 /* Foundation.framework in Frameworks */,
				1DF5F4E00D08C38300B7A737 /* UIKit.framework in Frameworks */,
				288765FD0DF74451002DB57D /* CoreGraphics.framework in Frameworks */,
				B51C26310F6848FD00C1B3CB /* QuartzCore.framework in Frameworks */,
				B5F50E17109C842E0053D5A8 /* CoreData.framework in Frameworks */,
			);
			runOnlyForDeploymentPostprocessing = 0;
		};
/* End PBXFrameworksBuildPhase section */

/* Begin PBXGroup section */
		19C28FACFE9D520D11CA2CBB /* Products */ = {
			isa = PBXGroup;
			children = (
				1D6058910D05DD3D006BFB54 /* Radar Dish.app */,
			);
			name = Products;
			sourceTree = "<group>";
		};
		29B97314FDCFA39411CA2CEA /* CustomTemplate */ = {
			isa = PBXGroup;
			children = (
				B56E50AF10BE12FA00D33245 /* Classes */,
				B5F50E22109C862B0053D5A8 /* Model */,
				B51C25D80F68400800C1B3CB /* Controllers */,
				29B97315FDCFA39411CA2CEA /* Other Sources */,
				29B97317FDCFA39411CA2CEA /* Resources */,
				29B97323FDCFA39411CA2CEA /* Frameworks */,
				19C28FACFE9D520D11CA2CBB /* Products */,
			);
			name = CustomTemplate;
			sourceTree = "<group>";
		};
		29B97315FDCFA39411CA2CEA /* Other Sources */ = {
			isa = PBXGroup;
			children = (
				B56E50F910BE172700D33245 /* RadarDish_Prefix.pch */,
				29B97316FDCFA39411CA2CEA /* main.m */,
				B56E50FC10BE17A000D33245 /* RD_Headers.h */,
			);
			name = "Other Sources";
			sourceTree = "<group>";
		};
		29B97317FDCFA39411CA2CEA /* Resources */ = {
			isa = PBXGroup;
			children = (
				B5ED0FBC10BD8E08004E0CDE /* Default.png */,
				B5BCA9FB10A2F1AC000C38FE /* Settings.png */,
				8D1107310486CEB800E47090 /* Info.plist */,
				B51C26270F68454E00C1B3CB /* dist.plist */,
				B5BC42BF10A5D9AE00484EDD /* icon.png */,
				B56E50CA10BE149100D33245 /* XIB Files */,
			);
			name = Resources;
			sourceTree = "<group>";
		};
		29B97323FDCFA39411CA2CEA /* Frameworks */ = {
			isa = PBXGroup;
			children = (
				B5F50E16109C842E0053D5A8 /* CoreData.framework */,
				B51C26300F6848FD00C1B3CB /* QuartzCore.framework */,
				1DF5F4DF0D08C38300B7A737 /* UIKit.framework */,
				1D30AB110D05D00D00671497 /* Foundation.framework */,
				288765FC0DF74451002DB57D /* CoreGraphics.framework */,
			);
			name = Frameworks;
			sourceTree = "<group>";
		};
		B51C25D80F68400800C1B3CB /* Controllers */ = {
			isa = PBXGroup;
			children = (
				B5BCA9E210A2F113000C38FE /* Headers */,
				B5F50F23109E06100053D5A8 /* BR_TextEditController.m */,
				B5F50DBB109BDFA10053D5A8 /* BR_TestWebView.m */,
				B5F50E74109D0D100053D5A8 /* BR_TextMenuController.m */,
				B5DE3CF410A0E918002A0881 /* BR_ReportEditorController.m */,
				B5F50E93109D0F7F0053D5A8 /* BR_ReportsListController.m */,
				B5DE3E2D10A1FA6C002A0881 /* BR_CredentialsController.m */,
				B5441AB710A3B6BF00283AEA /* BR_VersionEntryController.m */,
			);
			name = Controllers;
			sourceTree = "<group>";
		};
		B56E50AF10BE12FA00D33245 /* Classes */ = {
			isa = PBXGroup;
			children = (
				B5F50E78109D0D2C0053D5A8 /* BR_AppDelegate.h */,
				B5F50E79109D0D2C0053D5A8 /* BR_AppDelegate.m */,
				B5F50E2D109C8A1C0053D5A8 /* BR_BugReportManager.h */,
				B5F50E2E109C8A1C0053D5A8 /* BR_BugReportManager.m */,
				B5BCAA6D10A31DFD000C38FE /* BR_RadarSubmitter.h */,
				B5BCAA6E10A31DFD000C38FE /* BR_RadarSubmitter.m */,
				B5BCAC1610A395BA000C38FE /* BR_StatusReportWidget.h */,
				B5BCAC1710A395BA000C38FE /* BR_StatusReportWidget.m */,
				B5BC41E510A505BF00484EDD /* BR_OpenRadarSubmitter.h */,
				B5BC41E610A505BF00484EDD /* BR_OpenRadarSubmitter.m */,
			);
			name = Classes;
			sourceTree = "<group>";
		};
		B56E50CA10BE149100D33245 /* XIB Files */ = {
			isa = PBXGroup;
			children = (
				28AD733E0D9D9553002E5188 /* MainWindow.xib */,
				B5F50E06109C7F570053D5A8 /* TextMenu.xib */,
				B54418A9109D104A00283AEA /* BugReports.xib */,
				B5F50E76109D0D230053D5A8 /* TestWebView.xib */,
				B5DE3E2F10A1FA7A002A0881 /* Credentials.xib */,
				B5F50F20109E05E30053D5A8 /* TextEdit.xib */,
				B5DE3CF110A0E3F5002A0881 /* ReportEditor.xib */,
				B5441AB310A3B67600283AEA /* VersionEntry.xib */,
			);
			name = "XIB Files";
			sourceTree = "<group>";
		};
		B5BCA9E210A2F113000C38FE /* Headers */ = {
			isa = PBXGroup;
			children = (
				B5441AB610A3B6BF00283AEA /* BR_VersionEntryController.h */,
				B5F50F22109E06100053D5A8 /* BR_TextEditController.h */,
				B5F50DBA109BDFA10053D5A8 /* BR_TestWebView.h */,
				B5F50E73109D0D100053D5A8 /* BR_TextMenuController.h */,
				B5F50E92109D0F7F0053D5A8 /* BR_ReportsListController.h */,
				B5DE3CF310A0E918002A0881 /* BR_ReportEditorController.h */,
				B5DE3E2C10A1FA6C002A0881 /* BR_CredentialsController.h */,
			);
			name = Headers;
			sourceTree = "<group>";
		};
		B5F50E22109C862B0053D5A8 /* Model */ = {
			isa = PBXGroup;
			children = (
				B5F50E10109C83DF0053D5A8 /* BR_BugReport.h */,
				B5F50E11109C83DF0053D5A8 /* BR_BugReport.m */,
				B5F50E1D109C84500053D5A8 /* BugReport.xcdatamodel */,
			);
			name = Model;
			sourceTree = "<group>";
		};
/* End PBXGroup section */

/* Begin PBXNativeTarget section */
		1D6058900D05DD3D006BFB54 /* Radar Dish */ = {
			isa = PBXNativeTarget;
			buildConfigurationList = 1D6058960D05DD3E006BFB54 /* Build configuration list for PBXNativeTarget "Radar Dish" */;
			buildPhases = (
				1D60588D0D05DD3D006BFB54 /* Resources */,
				1D60588E0D05DD3D006BFB54 /* Sources */,
				1D60588F0D05DD3D006BFB54 /* Frameworks */,
			);
			buildRules = (
			);
			dependencies = (
			);
			name = "Radar Dish";
			productName = BugReporter;
			productReference = 1D6058910D05DD3D006BFB54 /* Radar Dish.app */;
			productType = "com.apple.product-type.application";
		};
/* End PBXNativeTarget section */

/* Begin PBXProject section */
		29B97313FDCFA39411CA2CEA /* Project object */ = {
			isa = PBXProject;
			buildConfigurationList = C01FCF4E08A954540054247B /* Build configuration list for PBXProject "Radar Dish" */;
			compatibilityVersion = "Xcode 3.1";
			hasScannedForEncodings = 1;
			mainGroup = 29B97314FDCFA39411CA2CEA /* CustomTemplate */;
			projectDirPath = "";
			projectRoot = "";
			targets = (
				1D6058900D05DD3D006BFB54 /* Radar Dish */,
			);
		};
/* End PBXProject section */

/* Begin PBXResourcesBuildPhase section */
		1D60588D0D05DD3D006BFB54 /* Resources */ = {
			isa = PBXResourcesBuildPhase;
			buildActionMask = 2147483647;
			files = (
				28AD733F0D9D9553002E5188 /* MainWindow.xib in Resources */,
				B5F50E07109C7F570053D5A8 /* TextMenu.xib in Resources */,
				B5F50E77109D0D230053D5A8 /* TestWebView.xib in Resources */,
				B54418AA109D104A00283AEA /* BugReports.xib in Resources */,
				B5F50F21109E05E30053D5A8 /* TextEdit.xib in Resources */,
				B5DE3CF210A0E3F5002A0881 /* ReportEditor.xib in Resources */,
				B5DE3E3010A1FA7A002A0881 /* Credentials.xib in Resources */,
				B5BCA9FC10A2F1AC000C38FE /* Settings.png in Resources */,
				B5441AB410A3B67600283AEA /* VersionEntry.xib in Resources */,
				B5BC42C010A5D9AE00484EDD /* icon.png in Resources */,
				B5ED0FBD10BD8E08004E0CDE /* Default.png in Resources */,
			);
			runOnlyForDeploymentPostprocessing = 0;
		};
/* End PBXResourcesBuildPhase section */

/* Begin PBXSourcesBuildPhase section */
		1D60588E0D05DD3D006BFB54 /* Sources */ = {
			isa = PBXSourcesBuildPhase;
			buildActionMask = 2147483647;
			files = (
				1D60589B0D05DD56006BFB54 /* main.m in Sources */,
				B5F50DBD109BDFA10053D5A8 /* BR_TestWebView.m in Sources */,
				B5F50E12109C83DF0053D5A8 /* BR_BugReport.m in Sources */,
				B5F50E1E109C84500053D5A8 /* BugReport.xcdatamodel in Sources */,
				B5F50E2F109C8A1C0053D5A8 /* BR_BugReportManager.m in Sources */,
				B5F50E75109D0D100053D5A8 /* BR_TextMenuController.m in Sources */,
				B5F50E7A109D0D2C0053D5A8 /* BR_AppDelegate.m in Sources */,
				B5F50E94109D0F7F0053D5A8 /* BR_ReportsListController.m in Sources */,
				B5F50F24109E06100053D5A8 /* BR_TextEditController.m in Sources */,
				B5DE3CF510A0E918002A0881 /* BR_ReportEditorController.m in Sources */,
				B5DE3E2E10A1FA6C002A0881 /* BR_CredentialsController.m in Sources */,
				B5BCAA6F10A31DFD000C38FE /* BR_RadarSubmitter.m in Sources */,
				B5BCAC1810A395BA000C38FE /* BR_StatusReportWidget.m in Sources */,
				B5441AB810A3B6BF00283AEA /* BR_VersionEntryController.m in Sources */,
				B5BC41E710A505BF00484EDD /* BR_OpenRadarSubmitter.m in Sources */,
			);
			runOnlyForDeploymentPostprocessing = 0;
		};
/* End PBXSourcesBuildPhase section */

/* Begin XCBuildConfiguration section */
		1D6058940D05DD3E006BFB54 /* Debug */ = {
			isa = XCBuildConfiguration;
			buildSettings = {
				ALWAYS_SEARCH_USER_PATHS = NO;
				CODE_SIGN_IDENTITY = "iPhone Developer";
				"CODE_SIGN_IDENTITY[sdk=iphoneos*]" = "iPhone Developer";
				COPY_PHASE_STRIP = NO;
				GCC_DYNAMIC_NO_PIC = NO;
				GCC_OPTIMIZATION_LEVEL = 0;
				GCC_PRECOMPILE_PREFIX_HEADER = YES;
				GCC_PREFIX_HEADER = Src/RadarDish_Prefix.pch;
				GCC_PREPROCESSOR_DEFINITIONS = DEBUG;
				HEADER_SEARCH_PATHS = "/usr/include/libxml2/**";
				INFOPLIST_FILE = Rsc/Info.plist;
				PRODUCT_NAME = "Radar Dish";
				PROVISIONING_PROFILE = "";
				"PROVISIONING_PROFILE[sdk=iphoneos*]" = "";
			};
			name = Debug;
		};
		1D6058950D05DD3E006BFB54 /* Release */ = {
			isa = XCBuildConfiguration;
			buildSettings = {
				ALWAYS_SEARCH_USER_PATHS = NO;
				CODE_SIGN_IDENTITY = "iPhone Developer: Ben Gottlieb";
				"CODE_SIGN_IDENTITY[sdk=iphoneos*]" = "iPhone Developer: Ben Gottlieb";
				COPY_PHASE_STRIP = YES;
				GCC_PRECOMPILE_PREFIX_HEADER = YES;
				GCC_PREFIX_HEADER = Src/RadarDish_Prefix.pch;
				HEADER_SEARCH_PATHS = "/usr/include/libxml2/**";
				INFOPLIST_FILE = Rsc/Info.plist;
				PRODUCT_NAME = "Radar Dish";
				PROVISIONING_PROFILE = "245D70A3-12CF-4808-84EC-A1B0C4335E6C";
				"PROVISIONING_PROFILE[sdk=iphoneos*]" = "245D70A3-12CF-4808-84EC-A1B0C4335E6C";
				SDKROOT = iphoneos3.0;
			};
			name = Release;
		};
		B51C26210F68453A00C1B3CB /* Ad-Hoc */ = {
			isa = XCBuildConfiguration;
			buildSettings = {
				ARCHS = "$(ARCHS_STANDARD_32_BIT)";
				CODE_SIGN_ENTITLEMENTS = Rsc/dist.plist;
				CODE_SIGN_IDENTITY = "iPhone Distribution: Stand Alone, Inc.";
				"CODE_SIGN_IDENTITY[sdk=iphoneos*]" = "iPhone Distribution: Stand Alone, Inc.";
				GCC_C_LANGUAGE_STANDARD = c99;
				GCC_GENERATE_DEBUGGING_SYMBOLS = YES;
				GCC_WARN_ABOUT_RETURN_TYPE = YES;
				GCC_WARN_UNUSED_VARIABLE = YES;
				PREBINDING = NO;
				PROVISIONING_PROFILE = "C20131A5-E782-4F79-8077-21D70399DF0E";
				"PROVISIONING_PROFILE[sdk=iphoneos*]" = "C20131A5-E782-4F79-8077-21D70399DF0E";
				SDKROOT = iphoneos3.0;
			};
			name = "Ad-Hoc";
		};
		B51C26220F68453A00C1B3CB /* Ad-Hoc */ = {
			isa = XCBuildConfiguration;
			buildSettings = {
				ALWAYS_SEARCH_USER_PATHS = NO;
				CODE_SIGN_IDENTITY = "iPhone Distribution: Stand Alone, Inc.";
				"CODE_SIGN_IDENTITY[sdk=iphoneos*]" = "iPhone Distribution: Stand Alone, Inc.";
				COPY_PHASE_STRIP = YES;
				GCC_PRECOMPILE_PREFIX_HEADER = YES;
				GCC_PREFIX_HEADER = Src/RadarDish_Prefix.pch;
				HEADER_SEARCH_PATHS = "/usr/include/libxml2/**";
				INFOPLIST_FILE = Rsc/Info.plist;
				PRODUCT_NAME = "Radar Dish";
				PROVISIONING_PROFILE = "C20131A5-E782-4F79-8077-21D70399DF0E";
				"PROVISIONING_PROFILE[sdk=iphoneos*]" = "C20131A5-E782-4F79-8077-21D70399DF0E";
			};
			name = "Ad-Hoc";
		};
		B51C26280F68456800C1B3CB /* Distribution */ = {
			isa = XCBuildConfiguration;
			buildSettings = {
				ARCHS = "$(ARCHS_STANDARD_32_BIT)";
				CODE_SIGN_IDENTITY = "iPhone Distribution: Stand Alone, Inc.";
				"CODE_SIGN_IDENTITY[sdk=iphoneos*]" = "iPhone Distribution: Stand Alone, Inc.";
				GCC_C_LANGUAGE_STANDARD = c99;
				GCC_WARN_ABOUT_RETURN_TYPE = YES;
				GCC_WARN_UNUSED_VARIABLE = YES;
				PREBINDING = NO;
				PROVISIONING_PROFILE = "0955C949-8FC6-4C4D-A46E-5C152823E4A0";
				"PROVISIONING_PROFILE[sdk=iphoneos*]" = "0955C949-8FC6-4C4D-A46E-5C152823E4A0";
				SDKROOT = iphoneos3.0;
			};
			name = Distribution;
		};
		B51C26290F68456800C1B3CB /* Distribution */ = {
			isa = XCBuildConfiguration;
			buildSettings = {
				ALWAYS_SEARCH_USER_PATHS = NO;
				CODE_SIGN_IDENTITY = "iPhone Distribution: Stand Alone, Inc.";
				"CODE_SIGN_IDENTITY[sdk=iphoneos*]" = "iPhone Distribution: Stand Alone, Inc.";
				COPY_PHASE_STRIP = YES;
				GCC_PRECOMPILE_PREFIX_HEADER = YES;
				GCC_PREFIX_HEADER = Src/RadarDish_Prefix.pch;
				HEADER_SEARCH_PATHS = "/usr/include/libxml2/**";
				INFOPLIST_FILE = Rsc/Info.plist;
				PRODUCT_NAME = "Radar Dish";
				PROVISIONING_PROFILE = "0955C949-8FC6-4C4D-A46E-5C152823E4A0";
				"PROVISIONING_PROFILE[sdk=iphoneos*]" = "0955C949-8FC6-4C4D-A46E-5C152823E4A0";
			};
			name = Distribution;
		};
		C01FCF4F08A954540054247B /* Debug */ = {
			isa = XCBuildConfiguration;
			buildSettings = {
				ARCHS = "$(ARCHS_STANDARD_32_BIT)";
				"CODE_SIGN_IDENTITY[sdk=iphoneos*]" = "iPhone Developer: Ben Gottlieb";
				GCC_C_LANGUAGE_STANDARD = c99;
				GCC_WARN_ABOUT_RETURN_TYPE = YES;
				GCC_WARN_UNUSED_VARIABLE = YES;
				ONLY_ACTIVE_ARCH = YES;
				PREBINDING = NO;
				"PROVISIONING_PROFILE[sdk=iphoneos*]" = "BAEDEDA3-3227-47DC-A59F-A6C19E403679";
				SDKROOT = iphoneos3.0;
			};
			name = Debug;
		};
		C01FCF5008A954540054247B /* Release */ = {
			isa = XCBuildConfiguration;
			buildSettings = {
				ARCHS = "$(ARCHS_STANDARD_32_BIT)";
				"CODE_SIGN_IDENTITY[sdk=iphoneos*]" = "iPhone Developer";
				GCC_C_LANGUAGE_STANDARD = c99;
				GCC_WARN_ABOUT_RETURN_TYPE = YES;
				GCC_WARN_UNUSED_VARIABLE = YES;
				PREBINDING = NO;
				SDKROOT = iphoneos3.0;
			};
			name = Release;
		};
/* End XCBuildConfiguration section */

/* Begin XCConfigurationList section */
		1D6058960D05DD3E006BFB54 /* Build configuration list for PBXNativeTarget "Radar Dish" */ = {
			isa = XCConfigurationList;
			buildConfigurations = (
				1D6058940D05DD3E006BFB54 /* Debug */,
				1D6058950D05DD3E006BFB54 /* Release */,
				B51C26220F68453A00C1B3CB /* Ad-Hoc */,
				B51C26290F68456800C1B3CB /* Distribution */,
			);
			defaultConfigurationIsVisible = 0;
			defaultConfigurationName = Release;
		};
		C01FCF4E08A954540054247B /* Build configuration list for PBXProject "Radar Dish" */ = {
			isa = XCConfigurationList;
			buildConfigurations = (
				C01FCF4F08A954540054247B /* Debug */,
				C01FCF5008A954540054247B /* Release */,
				B51C26210F68453A00C1B3CB /* Ad-Hoc */,
				B51C26280F68456800C1B3CB /* Distribution */,
			);
			defaultConfigurationIsVisible = 0;
			defaultConfigurationName = Release;
		};
/* End XCConfigurationList section */
	};
	rootObject = 29B97313FDCFA39411CA2CEA /* Project object */;
}
